
Microsoft Visual Studio Solution File, Format Version 12.00
# Visual Studio Version 16
VisualStudioVersion = 16.0.30717.126
MinimumVisualStudioVersion = 10.0.40219.1
Project("{FAE04EC0-301F-11D3-BF4B-00C04F79EFBC}") = "WebTask2", "WebTask2\WebTask2.csproj", "{BCEFB193-52D3-44F2-B82C-C48C243E033A}"
EndProject
Project("{FAE04EC0-301F-11D3-BF4B-00C04F79EFBC}") = "Server1", "Server1\Server1.csproj", "{7AB95360-1EFD-4FF7-A03D-BEFBB1F44AF7}"
EndProject
Project("{FAE04EC0-301F-11D3-BF4B-00C04F79EFBC}") = "Server2", "Server2\Server2.csproj", "{B3BB8761-0ECA-4AEF-B6CA-68E5AB4D44D1}"
EndProject
Global
	GlobalSection(SolutionConfigurationPlatforms) = preSolution
		Debug|Any CPU = Debug|Any CPU
		Release|Any CPU = Release|Any CPU
	EndGlobalSection
	GlobalSection(ProjectConfigurationPlatforms) = postSolution
		{BCEFB193-52D3-44F2-B82C-C48C243E033A}.Debug|Any CPU.ActiveCfg = Debug|Any CPU
		{BCEFB193-52D3-44F2-B82C-C48C243E033A}.Debug|Any CPU.Build.0 = Debug|Any CPU
		{BCEFB193-52D3-44F2-B82C-C48C243E033A}.Release|Any CPU.ActiveCfg = Release|Any CPU
		{BCEFB193-52D3-44F2-B82C-C48C243E033A}.Release|Any CPU.Build.0 = Release|Any CPU
		{7AB95360-1EFD-4FF7-A03D-BEFBB1F44AF7}.Debug|Any CPU.ActiveCfg = Debug|Any CPU
		{7AB95360-1EFD-4FF7-A03D-BEFBB1F44AF7}.Debug|Any CPU.Build.0 = Debug|Any CPU
		{7AB95360-1EFD-4FF7-A03D-BEFBB1F44AF7}.Release|Any CPU.ActiveCfg = Release|Any CPU
		{7AB95360-1EFD-4FF7-A03D-BEFBB1F44AF7}.Release|Any CPU.Build.0 = Release|Any CPU
		{B3BB8761-0ECA-4AEF-B6CA-68E5AB4D44D1}.Debug|Any CPU.ActiveCfg = Debug|Any CPU
		{B3BB8761-0ECA-4AEF-B6CA-68E5AB4D44D1}.Debug|Any CPU.Build.0 = Debug|Any CPU
		{B3BB8761-0ECA-4AEF-B6CA-68E5AB4D44D1}.Release|Any CPU.ActiveCfg = Release|Any CPU
		{B3BB8761-0ECA-4AEF-B6CA-68E5AB4D44D1}.Release|Any CPU.Build.0 = Release|Any CPU
	EndGlobalSection
	GlobalSection(SolutionProperties) = preSolution
		HideSolutionNode = FALSE
	EndGlobalSection
	GlobalSection(ExtensibilityGlobals) = postSolution
		SolutionGuid = {A7EAE897-405E-472F-8759-B8775A9923D1}
	EndGlobalSection
EndGlobal
